{
    "_meta": {
        "hash": {
            "sha256": "465a1d56bca70b3dee017c6d1c5ae19e6e19e6c805ca88cd6a66e73f04e4eb9c"
        },
        "pipfile-spec": 6,
        "requires": {
            "python_version": "3.12"
        },
        "sources": [
            {
                "name": "pypi",
                "url": "https://pypi.org/simple",
                "verify_ssl": true
            }
        ]
    },
    "default": {
        "asgiref": {
            "hashes": [
                "sha256:5f184dc43b7e763efe848065441eac62229c9f7b0475f41f80e207a114eda4ce",
                "sha256:e8667a091e69529631969fd45dc268fa79b99c92c5fcdda727757e52146ec133"
            ],
            "markers": "python_version >= '3.9'",
            "version": "==3.11.1"
        },
        "django": {
            "hashes": [
                "sha256:2e5974441491ddb34c3f13d5e7a9f97b07ba03bf70234c0a9c68b79bbb235bc3",
                "sha256:90be765ee756af8a6cbd6693e56452404b5ad15294f4d5e40c0a55a0f4870fe1"
            ],
            "index": "pypi",
            "markers": "python_version >= '3.12'",
            "version": "==6.0.3"
        },
        "gunicorn": {
            "hashes": [
                "sha256:1426611d959fa77e7de89f8c0f32eed6aa03ee735f98c01efba3e281b1c47616",
                "sha256:d0b1236ccf27f72cfe14bce7caadf467186f19e865094ca84221424e839b8b8b"
            ],
            "index": "pypi",
            "markers": "python_version >= '3.10'",
            "version": "==25.1.0"
        },
        "packaging": {
            "hashes": [
                "sha256:00243ae351a257117b6a241061796684b084ed1c516a08c48a3f7e147a9d80b4",
                "sha256:b36f1fef9334a5588b4166f8bcd26a14e521f2b55e6b9de3aaa80d3ff7a37529"
            ],
            "markers": "python_version >= '3.8'",
            "version": "==26.0"
        },
        "sqlparse": {
            "hashes": [
                "sha256:12a08b3bf3eec877c519589833aed092e2444e68240a3577e8e26148acc7b1ba",
                "sha256:e20d4a9b0b8585fdf63b10d30066c7c94c5d7a7ec47c889a2d83a3caa93ff28e"
            ],
            "markers": "python_version >= '3.8'",
            "version": "==0.5.5"
        }
    },
    "develop": {
        "flake8": {
            "hashes": [
                "sha256:b9696257b9ce8beb888cdbe31cf885c90d31928fe202be0889a7cdafad32f01e",
                "sha256:fe044858146b9fc69b551a4b490d69cf960fcb78ad1edcb84e7fbb1b4a8e3872"
            ],
            "index": "pypi",
            "markers": "python_version >= '3.9'",
            "version": "==7.3.0"
        },
        "mccabe": {
            "hashes": [
                "sha256:348e0240c33b60bbdf4e523192ef919f28cb2c3d7d5c7794f74009290f236325",
                "sha256:6c2d30ab6be0e4a46919781807b4f0d834ebdd6c6e3dca0bda5a15f863427b6e"
            ],
            "markers": "python_version >= '3.6'",
            "version": "==0.7.0"
        },
        "pycodestyle": {
            "hashes": [
                "sha256:c4b5b517d278089ff9d0abdec919cd97262a3367449ea1c8b49b91529167b783",
                "sha256:dd6bf7cb4ee77f8e016f9c8e74a35ddd9f67e1d5fd4184d86c3b98e07099f42d"
            ],
            "markers": "python_version >= '3.9'",
            "version": "==2.14.0"
        },
        "pyflakes": {
            "hashes": [
                "sha256:b24f96fafb7d2ab0ec5075b7350b3d2d2218eab42003821c06344973d3ea2f58",
                "sha256:f742a7dbd0d9cb9ea41e9a24a918996e8170c799fa528688d40dd582c8265f4f"
            ],
            "markers": "python_version >= '3.9'",
            "version": "==3.4.0"
        }
    }
}
